
Microsoft Visual Studio Solution File, Format Version 12.00
# Visual Studio Version 16
VisualStudioVersion = 16.0.30907.101
MinimumVisualStudioVersion = 10.0.40219.1
Project("{FAE04EC0-301F-11D3-BF4B-00C04F79EFBC}") = "Exer4MVC", "Exer4MVC\Exer4MVC.csproj", "{DCF4E6B3-C4A4-4672-803F-24EDCFD1A2FB}"
EndProject
Global
	GlobalSection(SolutionConfigurationPlatforms) = preSolution
		Debug|Any CPU = Debug|Any CPU
		Release|Any CPU = Release|Any CPU
	EndGlobalSection
	GlobalSection(ProjectConfigurationPlatforms) = postSolution
		{DCF4E6B3-C4A4-4672-803F-24EDCFD1A2FB}.Debug|Any CPU.ActiveCfg = Debug|Any CPU
		{DCF4E6B3-C4A4-4672-803F-24EDCFD1A2FB}.Debug|Any CPU.Build.0 = Debug|Any CPU
		{DCF4E6B3-C4A4-4672-803F-24EDCFD1A2FB}.Release|Any CPU.ActiveCfg = Release|Any CPU
		{DCF4E6B3-C4A4-4672-803F-24EDCFD1A2FB}.Release|Any CPU.Build.0 = Release|Any CPU
	EndGlobalSection
	GlobalSection(SolutionProperties) = preSolution
		HideSolutionNode = FALSE
	EndGlobalSection
	GlobalSection(ExtensibilityGlobals) = postSolution
		SolutionGuid = {5F0458CD-1403-4516-ACD5-6F45DC716038}
	EndGlobalSection
EndGlobal
